// !$*UTF8*$!
{
	archiveVersion = 1;
	classes = {
	};
	objectVersion = 56;
	objects = {

/* Begin PBXBuildFile section */
		1554357C78BAAA42B181296B /* Pods_Movit.framework in Frameworks */ = {isa = PBXBuildFile; fileRef = 3B8DD37CBEDF05BC71F38D72 /* Pods_Movit.framework */; };
		3F3C0FC42AC047220014134D /* GenreCollectionViewCell.swift in Sources */ = {isa = PBXBuildFile; fileRef = 3F3C0FC32AC047220014134D /* GenreCollectionViewCell.swift */; };
		3FA3AB002ABF20CD007B6D1C /* Main.storyboard in Resources */ = {isa = PBXBuildFile; fileRef = 3FA3AAFF2ABF20CD007B6D1C /* Main.storyboard */; };
		3FAB63F02AC0745C0099233C /* FavoriteMovieTableViewController.swift in Sources */ = {isa = PBXBuildFile; fileRef = 3FAB63EF2AC0745C0099233C /* FavoriteMovieTableViewController.swift */; };
		3FAB63F22AC07F960099233C /* FavoriteMovieTableViewCell.swift in Sources */ = {isa = PBXBuildFile; fileRef = 3FAB63F12AC07F960099233C /* FavoriteMovieTableViewCell.swift */; };
		3FB0F6F82ABCBF0F009BB318 /* AppDelegate.swift in Sources */ = {isa = PBXBuildFile; fileRef = 3FB0F6F72ABCBF0F009BB318 /* AppDelegate.swift */; };
		3FB0F6FA2ABCBF0F009BB318 /* SceneDelegate.swift in Sources */ = {isa = PBXBuildFile; fileRef = 3FB0F6F92ABCBF0F009BB318 /* SceneDelegate.swift */; };
		3FB0F7012ABCBF10009BB318 /* Assets.xcassets in Resources */ = {isa = PBXBuildFile; fileRef = 3FB0F7002ABCBF10009BB318 /* Assets.xcassets */; };
		3FB0F7042ABCBF10009BB318 /* LaunchScreen.storyboard in Resources */ = {isa = PBXBuildFile; fileRef = 3FB0F7022ABCBF10009BB318 /* LaunchScreen.storyboard */; };
		3FB0F7102ABD6B4D009BB318 /* MovieCollectionViewCell.swift in Sources */ = {isa = PBXBuildFile; fileRef = 3FB0F70F2ABD6B4D009BB318 /* MovieCollectionViewCell.swift */; };
		3FB0F7122ABD6BC7009BB318 /* MovieData.swift in Sources */ = {isa = PBXBuildFile; fileRef = 3FB0F7112ABD6BC7009BB318 /* MovieData.swift */; };
		3FC760302ABF5C080011812C /* MovieDetailViewController.swift in Sources */ = {isa = PBXBuildFile; fileRef = 3FC7602F2ABF5C080011812C /* MovieDetailViewController.swift */; };
		3FE8599C2ABEE442004BA87A /* MovieManager.swift in Sources */ = {isa = PBXBuildFile; fileRef = 3FE8599B2ABEE442004BA87A /* MovieManager.swift */; };
		3FE8599E2ABEE44F004BA87A /* MovieModel.swift in Sources */ = {isa = PBXBuildFile; fileRef = 3FE8599D2ABEE44F004BA87A /* MovieModel.swift */; };
		3FE859A02ABEE472004BA87A /* MovieViewController.swift in Sources */ = {isa = PBXBuildFile; fileRef = 3FE8599F2ABEE472004BA87A /* MovieViewController.swift */; };
		3FE859A22ABEE4E6004BA87A /* CollectionViewHeaderReusableView.swift in Sources */ = {isa = PBXBuildFile; fileRef = 3FE859A12ABEE4E6004BA87A /* CollectionViewHeaderReusableView.swift */; };
		3FE859A42ABEE573004BA87A /* Section.swift in Sources */ = {isa = PBXBuildFile; fileRef = 3FE859A32ABEE573004BA87A /* Section.swift */; };
/* End PBXBuildFile section */

/* Begin PBXFileReference section */
		323D5BA367F9B5BC4097C234 /* Pods-Movit.release.xcconfig */ = {isa = PBXFileReference; includeInIndex = 1; lastKnownFileType = text.xcconfig; name = "Pods-Movit.release.xcconfig"; path = "Target Support Files/Pods-Movit/Pods-Movit.release.xcconfig"; sourceTree = "<group>"; };
		3B8DD37CBEDF05BC71F38D72 /* Pods_Movit.framework */ = {isa = PBXFileReference; explicitFileType = wrapper.framework; includeInIndex = 0; path = Pods_Movit.framework; sourceTree = BUILT_PRODUCTS_DIR; };
		3F3C0FC32AC047220014134D /* GenreCollectionViewCell.swift */ = {isa = PBXFileReference; lastKnownFileType = sourcecode.swift; path = GenreCollectionViewCell.swift; sourceTree = "<group>"; };
		3FA3AAFF2ABF20CD007B6D1C /* Main.storyboard */ = {isa = PBXFileReference; fileEncoding = 4; lastKnownFileType = file.storyboard; path = Main.storyboard; sourceTree = "<group>"; };
		3FAB63EF2AC0745C0099233C /* FavoriteMovieTableViewController.swift */ = {isa = PBXFileReference; lastKnownFileType = sourcecode.swift; path = FavoriteMovieTableViewController.swift; sourceTree = "<group>"; };
		3FAB63F12AC07F960099233C /* FavoriteMovieTableViewCell.swift */ = {isa = PBXFileReference; lastKnownFileType = sourcecode.swift; path = FavoriteMovieTableViewCell.swift; sourceTree = "<group>"; };
		3FB0F6F42ABCBF0F009BB318 /* Movit.app */ = {isa = PBXFileReference; explicitFileType = wrapper.application; includeInIndex = 0; path = Movit.app; sourceTree = BUILT_PRODUCTS_DIR; };
		3FB0F6F72ABCBF0F009BB318 /* AppDelegate.swift */ = {isa = PBXFileReference; lastKnownFileType = sourcecode.swift; path = AppDelegate.swift; sourceTree = "<group>"; };
		3FB0F6F92ABCBF0F009BB318 /* SceneDelegate.swift */ = {isa = PBXFileReference; lastKnownFileType = sourcecode.swift; path = SceneDelegate.swift; sourceTree = "<group>"; };
		3FB0F7002ABCBF10009BB318 /* Assets.xcassets */ = {isa = PBXFileReference; lastKnownFileType = folder.assetcatalog; path = Assets.xcassets; sourceTree = "<group>"; };
		3FB0F7032ABCBF10009BB318 /* Base */ = {isa = PBXFileReference; lastKnownFileType = file.storyboard; name = Base; path = Base.lproj/LaunchScreen.storyboard; sourceTree = "<group>"; };
		3FB0F7052ABCBF10009BB318 /* Info.plist */ = {isa = PBXFileReference; lastKnownFileType = text.plist.xml; path = Info.plist; sourceTree = "<group>"; };
		3FB0F70F2ABD6B4D009BB318 /* MovieCollectionViewCell.swift */ = {isa = PBXFileReference; lastKnownFileType = sourcecode.swift; path = MovieCollectionViewCell.swift; sourceTree = "<group>"; };
		3FB0F7112ABD6BC7009BB318 /* MovieData.swift */ = {isa = PBXFileReference; lastKnownFileType = sourcecode.swift; path = MovieData.swift; sourceTree = "<group>"; };
		3FC7602F2ABF5C080011812C /* MovieDetailViewController.swift */ = {isa = PBXFileReference; lastKnownFileType = sourcecode.swift; path = MovieDetailViewController.swift; sourceTree = "<group>"; };
		3FE8599B2ABEE442004BA87A /* MovieManager.swift */ = {isa = PBXFileReference; lastKnownFileType = sourcecode.swift; path = MovieManager.swift; sourceTree = "<group>"; };
		3FE8599D2ABEE44F004BA87A /* MovieModel.swift */ = {isa = PBXFileReference; lastKnownFileType = sourcecode.swift; path = MovieModel.swift; sourceTree = "<group>"; };
		3FE8599F2ABEE472004BA87A /* MovieViewController.swift */ = {isa = PBXFileReference; lastKnownFileType = sourcecode.swift; path = MovieViewController.swift; sourceTree = "<group>"; };
		3FE859A12ABEE4E6004BA87A /* CollectionViewHeaderReusableView.swift */ = {isa = PBXFileReference; lastKnownFileType = sourcecode.swift; path = CollectionViewHeaderReusableView.swift; sourceTree = "<group>"; };
		3FE859A32ABEE573004BA87A /* Section.swift */ = {isa = PBXFileReference; lastKnownFileType = sourcecode.swift; path = Section.swift; sourceTree = "<group>"; };
		9292006156779EDADBADBFD3 /* Pods-Movit.debug.xcconfig */ = {isa = PBXFileReference; includeInIndex = 1; lastKnownFileType = text.xcconfig; name = "Pods-Movit.debug.xcconfig"; path = "Target Support Files/Pods-Movit/Pods-Movit.debug.xcconfig"; sourceTree = "<group>"; };
/* End PBXFileReference section */

/* Begin PBXFrameworksBuildPhase section */
		3FB0F6F12ABCBF0F009BB318 /* Frameworks */ = {
			isa = PBXFrameworksBuildPhase;
			buildActionMask = 2147483647;
			files = (
				1554357C78BAAA42B181296B /* Pods_Movit.framework in Frameworks */,
			);
			runOnlyForDeploymentPostprocessing = 0;
		};
/* End PBXFrameworksBuildPhase section */

/* Begin PBXGroup section */
		3FB0F6EB2ABCBF0E009BB318 = {
			isa = PBXGroup;
			children = (
				3FB0F6F62ABCBF0F009BB318 /* Movit */,
				3FB0F6F52ABCBF0F009BB318 /* Products */,
				53B7AB1EB2F007FF7724E736 /* Pods */,
				D92B785BCF5495BD26BF076B /* Frameworks */,
			);
			sourceTree = "<group>";
		};
		3FB0F6F52ABCBF0F009BB318 /* Products */ = {
			isa = PBXGroup;
			children = (
				3FB0F6F42ABCBF0F009BB318 /* Movit.app */,
			);
			name = Products;
			sourceTree = "<group>";
		};
		3FB0F6F62ABCBF0F009BB318 /* Movit */ = {
			isa = PBXGroup;
			children = (
				3FB0F6F72ABCBF0F009BB318 /* AppDelegate.swift */,
				3FB0F6F92ABCBF0F009BB318 /* SceneDelegate.swift */,
				3FE8599A2ABEE40E004BA87A /* Model */,
				3FE859992ABEE3B7004BA87A /* View */,
				3FE859982ABEE3A5004BA87A /* Controller */,
				3FB0F7002ABCBF10009BB318 /* Assets.xcassets */,
				3FB0F7022ABCBF10009BB318 /* LaunchScreen.storyboard */,
				3FB0F7052ABCBF10009BB318 /* Info.plist */,
			);
			path = Movit;
			sourceTree = "<group>";
		};
		3FE859982ABEE3A5004BA87A /* Controller */ = {
			isa = PBXGroup;
			children = (
				3FE8599F2ABEE472004BA87A /* MovieViewController.swift */,
				3FC7602F2ABF5C080011812C /* MovieDetailViewController.swift */,
				3FAB63EF2AC0745C0099233C /* FavoriteMovieTableViewController.swift */,
			);
			path = Controller;
			sourceTree = "<group>";
		};
		3FE859992ABEE3B7004BA87A /* View */ = {
			isa = PBXGroup;
			children = (
				3FA3AAFF2ABF20CD007B6D1C /* Main.storyboard */,
				3FE859A12ABEE4E6004BA87A /* CollectionViewHeaderReusableView.swift */,
				3FB0F70F2ABD6B4D009BB318 /* MovieCollectionViewCell.swift */,
				3F3C0FC32AC047220014134D /* GenreCollectionViewCell.swift */,
				3FAB63F12AC07F960099233C /* FavoriteMovieTableViewCell.swift */,
			);
			path = View;
			sourceTree = "<group>";
		};
		3FE8599A2ABEE40E004BA87A /* Model */ = {
			isa = PBXGroup;
			children = (
				3FB0F7112ABD6BC7009BB318 /* MovieData.swift */,
				3FE8599B2ABEE442004BA87A /* MovieManager.swift */,
				3FE8599D2ABEE44F004BA87A /* MovieModel.swift */,
				3FE859A32ABEE573004BA87A /* Section.swift */,
			);
			path = Model;
			sourceTree = "<group>";
		};
		53B7AB1EB2F007FF7724E736 /* Pods */ = {
			isa = PBXGroup;
			children = (
				9292006156779EDADBADBFD3 /* Pods-Movit.debug.xcconfig */,
				323D5BA367F9B5BC4097C234 /* Pods-Movit.release.xcconfig */,
			);
			path = Pods;
			sourceTree = "<group>";
		};
		D92B785BCF5495BD26BF076B /* Frameworks */ = {
			isa = PBXGroup;
			children = (
				3B8DD37CBEDF05BC71F38D72 /* Pods_Movit.framework */,
			);
			name = Frameworks;
			sourceTree = "<group>";
		};
/* End PBXGroup section */

/* Begin PBXNativeTarget section */
		3FB0F6F32ABCBF0F009BB318 /* Movit */ = {
			isa = PBXNativeTarget;
			buildConfigurationList = 3FB0F7082ABCBF10009BB318 /* Build configuration list for PBXNativeTarget "Movit" */;
			buildPhases = (
				06596A175731EC37AF0FD9D3 /* [CP] Check Pods Manifest.lock */,
				3FB0F6F02ABCBF0F009BB318 /* Sources */,
				3FB0F6F12ABCBF0F009BB318 /* Frameworks */,
				3FB0F6F22ABCBF0F009BB318 /* Resources */,
				49CD33037E42222A7832A872 /* [CP] Embed Pods Frameworks */,
			);
			buildRules = (
			);
			dependencies = (
			);
			name = Movit;
			productName = Movit;
			productReference = 3FB0F6F42ABCBF0F009BB318 /* Movit.app */;
			productType = "com.apple.product-type.application";
		};
/* End PBXNativeTarget section */

/* Begin PBXProject section */
		3FB0F6EC2ABCBF0E009BB318 /* Project object */ = {
			isa = PBXProject;
			attributes = {
				BuildIndependentTargetsInParallel = 1;
				LastSwiftUpdateCheck = 1420;
				LastUpgradeCheck = 1420;
				TargetAttributes = {
					3FB0F6F32ABCBF0F009BB318 = {
						CreatedOnToolsVersion = 14.2;
					};
				};
			};
			buildConfigurationList = 3FB0F6EF2ABCBF0E009BB318 /* Build configuration list for PBXProject "Movit" */;
			compatibilityVersion = "Xcode 14.0";
			developmentRegion = en;
			hasScannedForEncodings = 0;
			knownRegions = (
				en,
				Base,
			);
			mainGroup = 3FB0F6EB2ABCBF0E009BB318;
			productRefGroup = 3FB0F6F52ABCBF0F009BB318 /* Products */;
			projectDirPath = "";
			projectRoot = "";
			targets = (
				3FB0F6F32ABCBF0F009BB318 /* Movit */,
			);
		};
/* End PBXProject section */

/* Begin PBXResourcesBuildPhase section */
		3FB0F6F22ABCBF0F009BB318 /* Resources */ = {
			isa = PBXResourcesBuildPhase;
			buildActionMask = 2147483647;
			files = (
				3FA3AB002ABF20CD007B6D1C /* Main.storyboard in Resources */,
				3FB0F7042ABCBF10009BB318 /* LaunchScreen.storyboard in Resources */,
				3FB0F7012ABCBF10009BB318 /* Assets.xcassets in Resources */,
			);
			runOnlyForDeploymentPostprocessing = 0;
		};
/* End PBXResourcesBuildPhase section */

/* Begin PBXShellScriptBuildPhase section */
		06596A175731EC37AF0FD9D3 /* [CP] Check Pods Manifest.lock */ = {
			isa = PBXShellScriptBuildPhase;
			buildActionMask = 2147483647;
			files = (
			);
			inputFileListPaths = (
			);
			inputPaths = (
				"${PODS_PODFILE_DIR_PATH}/Podfile.lock",
				"${PODS_ROOT}/Manifest.lock",
			);
			name = "[CP] Check Pods Manifest.lock";
			outputFileListPaths = (
			);
			outputPaths = (
				"$(DERIVED_FILE_DIR)/Pods-Movit-checkManifestLockResult.txt",
			);
			runOnlyForDeploymentPostprocessing = 0;
			shellPath = /bin/sh;
			shellScript = "diff \"${PODS_PODFILE_DIR_PATH}/Podfile.lock\" \"${PODS_ROOT}/Manifest.lock\" > /dev/null\nif [ $? != 0 ] ; then\n    # print error to STDERR\n    echo \"error: The sandbox is not in sync with the Podfile.lock. Run 'pod install' or update your CocoaPods installation.\" >&2\n    exit 1\nfi\n# This output is used by Xcode 'outputs' to avoid re-running this script phase.\necho \"SUCCESS\" > \"${SCRIPT_OUTPUT_FILE_0}\"\n";
			showEnvVarsInLog = 0;
		};
		49CD33037E42222A7832A872 /* [CP] Embed Pods Frameworks */ = {
			isa = PBXShellScriptBuildPhase;
			buildActionMask = 2147483647;
			files = (
			);
			inputFileListPaths = (
				"${PODS_ROOT}/Target Support Files/Pods-Movit/Pods-Movit-frameworks-${CONFIGURATION}-input-files.xcfilelist",
			);
			name = "[CP] Embed Pods Frameworks";
			outputFileListPaths = (
				"${PODS_ROOT}/Target Support Files/Pods-Movit/Pods-Movit-frameworks-${CONFIGURATION}-output-files.xcfilelist",
			);
			runOnlyForDeploymentPostprocessing = 0;
			shellPath = /bin/sh;
			shellScript = "\"${PODS_ROOT}/Target Support Files/Pods-Movit/Pods-Movit-frameworks.sh\"\n";
			showEnvVarsInLog = 0;
		};
/* End PBXShellScriptBuildPhase section */

/* Begin PBXSourcesBuildPhase section */
		3FB0F6F02ABCBF0F009BB318 /* Sources */ = {
			isa = PBXSourcesBuildPhase;
			buildActionMask = 2147483647;
			files = (
				3FE8599E2ABEE44F004BA87A /* MovieModel.swift in Sources */,
				3FB0F7122ABD6BC7009BB318 /* MovieData.swift in Sources */,
				3FE859A22ABEE4E6004BA87A /* CollectionViewHeaderReusableView.swift in Sources */,
				3FE859A02ABEE472004BA87A /* MovieViewController.swift in Sources */,
				3FAB63F22AC07F960099233C /* FavoriteMovieTableViewCell.swift in Sources */,
				3F3C0FC42AC047220014134D /* GenreCollectionViewCell.swift in Sources */,
				3FE859A42ABEE573004BA87A /* Section.swift in Sources */,
				3FB0F6F82ABCBF0F009BB318 /* AppDelegate.swift in Sources */,
				3FB0F6FA2ABCBF0F009BB318 /* SceneDelegate.swift in Sources */,
				3FAB63F02AC0745C0099233C /* FavoriteMovieTableViewController.swift in Sources */,
				3FC760302ABF5C080011812C /* MovieDetailViewController.swift in Sources */,
				3FE8599C2ABEE442004BA87A /* MovieManager.swift in Sources */,
				3FB0F7102ABD6B4D009BB318 /* MovieCollectionViewCell.swift in Sources */,
			);
			runOnlyForDeploymentPostprocessing = 0;
		};
/* End PBXSourcesBuildPhase section */

/* Begin PBXVariantGroup section */
		3FB0F7022ABCBF10009BB318 /* LaunchScreen.storyboard */ = {
			isa = PBXVariantGroup;
			children = (
				3FB0F7032ABCBF10009BB318 /* Base */,
			);
			name = LaunchScreen.storyboard;
			sourceTree = "<group>";
		};
/* End PBXVariantGroup section */

/* Begin XCBuildConfiguration section */
		3FB0F7062ABCBF10009BB318 /* Debug */ = {
			isa = XCBuildConfiguration;
			buildSettings = {
				ALWAYS_SEARCH_USER_PATHS = NO;
				CLANG_ANALYZER_NONNULL = YES;
				CLANG_ANALYZER_NUMBER_OBJECT_CONVERSION = YES_AGGRESSIVE;
				CLANG_CXX_LANGUAGE_STANDARD = "gnu++20";
				CLANG_ENABLE_MODULES = YES;
				CLANG_ENABLE_OBJC_ARC = YES;
				CLANG_ENABLE_OBJC_WEAK = YES;
				CLANG_WARN_BLOCK_CAPTURE_AUTORELEASING = YES;
				CLANG_WARN_BOOL_CONVERSION = YES;
				CLANG_WARN_COMMA = YES;
				CLANG_WARN_CONSTANT_CONVERSION = YES;
				CLANG_WARN_DEPRECATED_OBJC_IMPLEMENTATIONS = YES;
				CLANG_WARN_DIRECT_OBJC_ISA_USAGE = YES_ERROR;
				CLANG_WARN_DOCUMENTATION_COMMENTS = YES;
				CLANG_WARN_EMPTY_BODY = YES;
				CLANG_WARN_ENUM_CONVERSION = YES;
				CLANG_WARN_INFINITE_RECURSION = YES;
				CLANG_WARN_INT_CONVERSION = YES;
				CLANG_WARN_NON_LITERAL_NULL_CONVERSION = YES;
				CLANG_WARN_OBJC_IMPLICIT_RETAIN_SELF = YES;
				CLANG_WARN_OBJC_LITERAL_CONVERSION = YES;
				CLANG_WARN_OBJC_ROOT_CLASS = YES_ERROR;
				CLANG_WARN_QUOTED_INCLUDE_IN_FRAMEWORK_HEADER = YES;
				CLANG_WARN_RANGE_LOOP_ANALYSIS = YES;
				CLANG_WARN_STRICT_PROTOTYPES = YES;
				CLANG_WARN_SUSPICIOUS_MOVE = YES;
				CLANG_WARN_UNGUARDED_AVAILABILITY = YES_AGGRESSIVE;
				CLANG_WARN_UNREACHABLE_CODE = YES;
				CLANG_WARN__DUPLICATE_METHOD_MATCH = YES;
				COPY_PHASE_STRIP = NO;
				DEBUG_INFORMATION_FORMAT = dwarf;
				ENABLE_STRICT_OBJC_MSGSEND = YES;
				ENABLE_TESTABILITY = YES;
				GCC_C_LANGUAGE_STANDARD = gnu11;
				GCC_DYNAMIC_NO_PIC = NO;
				GCC_NO_COMMON_BLOCKS = YES;
				GCC_OPTIMIZATION_LEVEL = 0;
				GCC_PREPROCESSOR_DEFINITIONS = (
					"DEBUG=1",
					"$(inherited)",
				);
				GCC_WARN_64_TO_32_BIT_CONVERSION = YES;
				GCC_WARN_ABOUT_RETURN_TYPE = YES_ERROR;
				GCC_WARN_UNDECLARED_SELECTOR = YES;
				GCC_WARN_UNINITIALIZED_AUTOS = YES_AGGRESSIVE;
				GCC_WARN_UNUSED_FUNCTION = YES;
				GCC_WARN_UNUSED_VARIABLE = YES;
				IPHONEOS_DEPLOYMENT_TARGET = 16.2;
				MTL_ENABLE_DEBUG_INFO = INCLUDE_SOURCE;
				MTL_FAST_MATH = YES;
				ONLY_ACTIVE_ARCH = YES;
				SDKROOT = iphoneos;
				SWIFT_ACTIVE_COMPILATION_CONDITIONS = DEBUG;
				SWIFT_OPTIMIZATION_LEVEL = "-Onone";
			};
			name = Debug;
		};
		3FB0F7072ABCBF10009BB318 /* Release */ = {
			isa = XCBuildConfiguration;
			buildSettings = {
				ALWAYS_SEARCH_USER_PATHS = NO;
				CLANG_ANALYZER_NONNULL = YES;
				CLANG_ANALYZER_NUMBER_OBJECT_CONVERSION = YES_AGGRESSIVE;
				CLANG_CXX_LANGUAGE_STANDARD = "gnu++20";
				CLANG_ENABLE_MODULES = YES;
				CLANG_ENABLE_OBJC_ARC = YES;
				CLANG_ENABLE_OBJC_WEAK = YES;
				CLANG_WARN_BLOCK_CAPTURE_AUTORELEASING = YES;
				CLANG_WARN_BOOL_CONVERSION = YES;
				CLANG_WARN_COMMA = YES;
				CLANG_WARN_CONSTANT_CONVERSION = YES;
				CLANG_WARN_DEPRECATED_OBJC_IMPLEMENTATIONS = YES;
				CLANG_WARN_DIRECT_OBJC_ISA_USAGE = YES_ERROR;
				CLANG_WARN_DOCUMENTATION_COMMENTS = YES;
				CLANG_WARN_EMPTY_BODY = YES;
				CLANG_WARN_ENUM_CONVERSION = YES;
				CLANG_WARN_INFINITE_RECURSION = YES;
				CLANG_WARN_INT_CONVERSION = YES;
				CLANG_WARN_NON_LITERAL_NULL_CONVERSION = YES;
				CLANG_WARN_OBJC_IMPLICIT_RETAIN_SELF = YES;
				CLANG_WARN_OBJC_LITERAL_CONVERSION = YES;
				CLANG_WARN_OBJC_ROOT_CLASS = YES_ERROR;
				CLANG_WARN_QUOTED_INCLUDE_IN_FRAMEWORK_HEADER = YES;
				CLANG_WARN_RANGE_LOOP_ANALYSIS = YES;
				CLANG_WARN_STRICT_PROTOTYPES = YES;
				CLANG_WARN_SUSPICIOUS_MOVE = YES;
				CLANG_WARN_UNGUARDED_AVAILABILITY = YES_AGGRESSIVE;
				CLANG_WARN_UNREACHABLE_CODE = YES;
				CLANG_WARN__DUPLICATE_METHOD_MATCH = YES;
				COPY_PHASE_STRIP = NO;
				DEBUG_INFORMATION_FORMAT = "dwarf-with-dsym";
				ENABLE_NS_ASSERTIONS = NO;
				ENABLE_STRICT_OBJC_MSGSEND = YES;
				GCC_C_LANGUAGE_STANDARD = gnu11;
				GCC_NO_COMMON_BLOCKS = YES;
				GCC_WARN_64_TO_32_BIT_CONVERSION = YES;
				GCC_WARN_ABOUT_RETURN_TYPE = YES_ERROR;
				GCC_WARN_UNDECLARED_SELECTOR = YES;
				GCC_WARN_UNINITIALIZED_AUTOS = YES_AGGRESSIVE;
				GCC_WARN_UNUSED_FUNCTION = YES;
				GCC_WARN_UNUSED_VARIABLE = YES;
				IPHONEOS_DEPLOYMENT_TARGET = 16.2;
				MTL_ENABLE_DEBUG_INFO = NO;
				MTL_FAST_MATH = YES;
				SDKROOT = iphoneos;
				SWIFT_COMPILATION_MODE = wholemodule;
				SWIFT_OPTIMIZATION_LEVEL = "-O";
				VALIDATE_PRODUCT = YES;
			};
			name = Release;
		};
		3FB0F7092ABCBF10009BB318 /* Debug */ = {
			isa = XCBuildConfiguration;
			baseConfigurationReference = 9292006156779EDADBADBFD3 /* Pods-Movit.debug.xcconfig */;
			buildSettings = {
				ASSETCATALOG_COMPILER_APPICON_NAME = AppIcon;
				ASSETCATALOG_COMPILER_GLOBAL_ACCENT_COLOR_NAME = AccentColor;
				CODE_SIGN_STYLE = Automatic;
				CURRENT_PROJECT_VERSION = 1;
				DEVELOPMENT_TEAM = 5PZV8Y4645;
				GENERATE_INFOPLIST_FILE = YES;
				INFOPLIST_FILE = Movit/Info.plist;
				INFOPLIST_KEY_UIApplicationSupportsIndirectInputEvents = YES;
				INFOPLIST_KEY_UILaunchStoryboardName = LaunchScreen;
				INFOPLIST_KEY_UIMainStoryboardFile = Main;
				INFOPLIST_KEY_UISupportedInterfaceOrientations_iPad = "UIInterfaceOrientationPortrait UIInterfaceOrientationPortraitUpsideDown UIInterfaceOrientationLandscapeLeft UIInterfaceOrientationLandscapeRight";
				INFOPLIST_KEY_UISupportedInterfaceOrientations_iPhone = "UIInterfaceOrientationPortrait UIInterfaceOrientationLandscapeLeft UIInterfaceOrientationLandscapeRight";
				IPHONEOS_DEPLOYMENT_TARGET = 13.0;
				LD_RUNPATH_SEARCH_PATHS = (
					"$(inherited)",
					"@executable_path/Frameworks",
				);
				MARKETING_VERSION = 1.0;
				PRODUCT_BUNDLE_IDENTIFIER = com.kinkinkinxd.Movit;
				PRODUCT_NAME = "$(TARGET_NAME)";
				SWIFT_EMIT_LOC_STRINGS = YES;
				SWIFT_VERSION = 5.0;
				TARGETED_DEVICE_FAMILY = "1,2";
			};
			name = Debug;
		};
		3FB0F70A2ABCBF10009BB318 /* Release */ = {
			isa = XCBuildConfiguration;
			baseConfigurationReference = 323D5BA367F9B5BC4097C234 /* Pods-Movit.release.xcconfig */;
			buildSettings = {
				ASSETCATALOG_COMPILER_APPICON_NAME = AppIcon;
				ASSETCATALOG_COMPILER_GLOBAL_ACCENT_COLOR_NAME = AccentColor;
				CODE_SIGN_STYLE = Automatic;
				CURRENT_PROJECT_VERSION = 1;
				DEVELOPMENT_TEAM = 5PZV8Y4645;
				GENERATE_INFOPLIST_FILE = YES;
				INFOPLIST_FILE = Movit/Info.plist;
				INFOPLIST_KEY_UIApplicationSupportsIndirectInputEvents = YES;
				INFOPLIST_KEY_UILaunchStoryboardName = LaunchScreen;
				INFOPLIST_KEY_UIMainStoryboardFile = Main;
				INFOPLIST_KEY_UISupportedInterfaceOrientations_iPad = "UIInterfaceOrientationPortrait UIInterfaceOrientationPortraitUpsideDown UIInterfaceOrientationLandscapeLeft UIInterfaceOrientationLandscapeRight";
				INFOPLIST_KEY_UISupportedInterfaceOrientations_iPhone = "UIInterfaceOrientationPortrait UIInterfaceOrientationLandscapeLeft UIInterfaceOrientationLandscapeRight";
				IPHONEOS_DEPLOYMENT_TARGET = 13.0;
				LD_RUNPATH_SEARCH_PATHS = (
					"$(inherited)",
					"@executable_path/Frameworks",
				);
				MARKETING_VERSION = 1.0;
				PRODUCT_BUNDLE_IDENTIFIER = com.kinkinkinxd.Movit;
				PRODUCT_NAME = "$(TARGET_NAME)";
				SWIFT_EMIT_LOC_STRINGS = YES;
				SWIFT_VERSION = 5.0;
				TARGETED_DEVICE_FAMILY = "1,2";
			};
			name = Release;
		};
/* End XCBuildConfiguration section */

/* Begin XCConfigurationList section */
		3FB0F6EF2ABCBF0E009BB318 /* Build configuration list for PBXProject "Movit" */ = {
			isa = XCConfigurationList;
			buildConfigurations = (
				3FB0F7062ABCBF10009BB318 /* Debug */,
				3FB0F7072ABCBF10009BB318 /* Release */,
			);
			defaultConfigurationIsVisible = 0;
			defaultConfigurationName = Release;
		};
		3FB0F7082ABCBF10009BB318 /* Build configuration list for PBXNativeTarget "Movit" */ = {
			isa = XCConfigurationList;
			buildConfigurations = (
				3FB0F7092ABCBF10009BB318 /* Debug */,
				3FB0F70A2ABCBF10009BB318 /* Release */,
			);
			defaultConfigurationIsVisible = 0;
			defaultConfigurationName = Release;
		};
/* End XCConfigurationList section */
	};
	rootObject = 3FB0F6EC2ABCBF0E009BB318 /* Project object */;
}
